// !$*UTF8*$!
{
	archiveVersion = 1;
	classes = {
	};
	objectVersion = 55;
	objects = {

/* Begin PBXBuildFile section */
		54F3E657FAB587B9DB09074B /* Pods_GoodsShop.framework in Frameworks */ = {isa = PBXBuildFile; fileRef = C6946818D540BC5FEA5E785F /* Pods_GoodsShop.framework */; };
		AE5C5AA4274014E7000C319D /* ImageView+Ext..swift in Sources */ = {isa = PBXBuildFile; fileRef = AE5C5AA3274014E7000C319D /* ImageView+Ext..swift */; };
		AE82A8E5273885E500734F3F /* GoodsService.swift in Sources */ = {isa = PBXBuildFile; fileRef = AE82A8E4273885E500734F3F /* GoodsService.swift */; };
		AE82A8E72738891300734F3F /* Test Backend.postman_collection.json in Resources */ = {isa = PBXBuildFile; fileRef = AE82A8E62738891300734F3F /* Test Backend.postman_collection.json */; };
		AE82A8EC27393B3E00734F3F /* GetGoodsModel.swift in Sources */ = {isa = PBXBuildFile; fileRef = AE82A8EB27393B3E00734F3F /* GetGoodsModel.swift */; };
		AECDEA6627354D6F00643AAB /* GoodsCollectionViewCell.swift in Sources */ = {isa = PBXBuildFile; fileRef = AECDEA6527354D6F00643AAB /* GoodsCollectionViewCell.swift */; };
		AEDF8E312734009000F5D977 /* AppDelegate.swift in Sources */ = {isa = PBXBuildFile; fileRef = AEDF8E302734009000F5D977 /* AppDelegate.swift */; };
		AEDF8E332734009000F5D977 /* SceneDelegate.swift in Sources */ = {isa = PBXBuildFile; fileRef = AEDF8E322734009000F5D977 /* SceneDelegate.swift */; };
		AEDF8E352734009000F5D977 /* MainViewController.swift in Sources */ = {isa = PBXBuildFile; fileRef = AEDF8E342734009000F5D977 /* MainViewController.swift */; };
		AEDF8E3A2734009200F5D977 /* Assets.xcassets in Resources */ = {isa = PBXBuildFile; fileRef = AEDF8E392734009200F5D977 /* Assets.xcassets */; };
		AEDF8E3D2734009200F5D977 /* LaunchScreen.storyboard in Resources */ = {isa = PBXBuildFile; fileRef = AEDF8E3B2734009200F5D977 /* LaunchScreen.storyboard */; };
		AEDF8E45273409CC00F5D977 /* Model.swift in Sources */ = {isa = PBXBuildFile; fileRef = AEDF8E44273409CC00F5D977 /* Model.swift */; };
		AEDF8E4E27340D2300F5D977 /* SFUIDisplay-Regular.ttf in Resources */ = {isa = PBXBuildFile; fileRef = AEDF8E4B27340D2300F5D977 /* SFUIDisplay-Regular.ttf */; };
		AEDF8E4F27340D2300F5D977 /* SFUIDisplay-Light.ttf in Resources */ = {isa = PBXBuildFile; fileRef = AEDF8E4C27340D2300F5D977 /* SFUIDisplay-Light.ttf */; };
		AEDF8E5027340D2300F5D977 /* SFUIDisplay-Bold.ttf in Resources */ = {isa = PBXBuildFile; fileRef = AEDF8E4D27340D2300F5D977 /* SFUIDisplay-Bold.ttf */; };
		AEDF8E55273411AF00F5D977 /* LineUnderBrandLabel.swift in Sources */ = {isa = PBXBuildFile; fileRef = AEDF8E54273411AF00F5D977 /* LineUnderBrandLabel.swift */; };
		AEDF8E572734203D00F5D977 /* DefaultButton.swift in Sources */ = {isa = PBXBuildFile; fileRef = AEDF8E562734203D00F5D977 /* DefaultButton.swift */; };
/* End PBXBuildFile section */

/* Begin PBXFileReference section */
		05C2669D033EB86002227149 /* Pods-GoodsShop.release.xcconfig */ = {isa = PBXFileReference; includeInIndex = 1; lastKnownFileType = text.xcconfig; name = "Pods-GoodsShop.release.xcconfig"; path = "Target Support Files/Pods-GoodsShop/Pods-GoodsShop.release.xcconfig"; sourceTree = "<group>"; };
		7FED41CD0FA29255EE0C7874 /* Pods-GoodsShop.debug.xcconfig */ = {isa = PBXFileReference; includeInIndex = 1; lastKnownFileType = text.xcconfig; name = "Pods-GoodsShop.debug.xcconfig"; path = "Target Support Files/Pods-GoodsShop/Pods-GoodsShop.debug.xcconfig"; sourceTree = "<group>"; };
		AE5C5AA3274014E7000C319D /* ImageView+Ext..swift */ = {isa = PBXFileReference; lastKnownFileType = sourcecode.swift; path = "ImageView+Ext..swift"; sourceTree = "<group>"; };
		AE82A8E4273885E500734F3F /* GoodsService.swift */ = {isa = PBXFileReference; lastKnownFileType = sourcecode.swift; path = GoodsService.swift; sourceTree = "<group>"; };
		AE82A8E62738891300734F3F /* Test Backend.postman_collection.json */ = {isa = PBXFileReference; fileEncoding = 4; lastKnownFileType = text.json; path = "Test Backend.postman_collection.json"; sourceTree = "<group>"; };
		AE82A8EB27393B3E00734F3F /* GetGoodsModel.swift */ = {isa = PBXFileReference; lastKnownFileType = sourcecode.swift; path = GetGoodsModel.swift; sourceTree = "<group>"; };
		AECDEA6527354D6F00643AAB /* GoodsCollectionViewCell.swift */ = {isa = PBXFileReference; lastKnownFileType = sourcecode.swift; path = GoodsCollectionViewCell.swift; sourceTree = "<group>"; };
		AEDF8E2D2734009000F5D977 /* GoodsShop.app */ = {isa = PBXFileReference; explicitFileType = wrapper.application; includeInIndex = 0; path = GoodsShop.app; sourceTree = BUILT_PRODUCTS_DIR; };
		AEDF8E302734009000F5D977 /* AppDelegate.swift */ = {isa = PBXFileReference; lastKnownFileType = sourcecode.swift; path = AppDelegate.swift; sourceTree = "<group>"; };
		AEDF8E322734009000F5D977 /* SceneDelegate.swift */ = {isa = PBXFileReference; lastKnownFileType = sourcecode.swift; path = SceneDelegate.swift; sourceTree = "<group>"; };
		AEDF8E342734009000F5D977 /* MainViewController.swift */ = {isa = PBXFileReference; lastKnownFileType = sourcecode.swift; path = MainViewController.swift; sourceTree = "<group>"; };
		AEDF8E392734009200F5D977 /* Assets.xcassets */ = {isa = PBXFileReference; lastKnownFileType = folder.assetcatalog; path = Assets.xcassets; sourceTree = "<group>"; };
		AEDF8E3C2734009200F5D977 /* Base */ = {isa = PBXFileReference; lastKnownFileType = file.storyboard; name = Base; path = Base.lproj/LaunchScreen.storyboard; sourceTree = "<group>"; };
		AEDF8E3E2734009200F5D977 /* Info.plist */ = {isa = PBXFileReference; lastKnownFileType = text.plist.xml; path = Info.plist; sourceTree = "<group>"; };
		AEDF8E44273409CC00F5D977 /* Model.swift */ = {isa = PBXFileReference; lastKnownFileType = sourcecode.swift; path = Model.swift; sourceTree = "<group>"; };
		AEDF8E4B27340D2300F5D977 /* SFUIDisplay-Regular.ttf */ = {isa = PBXFileReference; lastKnownFileType = file; path = "SFUIDisplay-Regular.ttf"; sourceTree = "<group>"; };
		AEDF8E4C27340D2300F5D977 /* SFUIDisplay-Light.ttf */ = {isa = PBXFileReference; lastKnownFileType = file; path = "SFUIDisplay-Light.ttf"; sourceTree = "<group>"; };
		AEDF8E4D27340D2300F5D977 /* SFUIDisplay-Bold.ttf */ = {isa = PBXFileReference; lastKnownFileType = file; path = "SFUIDisplay-Bold.ttf"; sourceTree = "<group>"; };
		AEDF8E54273411AF00F5D977 /* LineUnderBrandLabel.swift */ = {isa = PBXFileReference; lastKnownFileType = sourcecode.swift; path = LineUnderBrandLabel.swift; sourceTree = "<group>"; };
		AEDF8E562734203D00F5D977 /* DefaultButton.swift */ = {isa = PBXFileReference; lastKnownFileType = sourcecode.swift; path = DefaultButton.swift; sourceTree = "<group>"; };
		C6946818D540BC5FEA5E785F /* Pods_GoodsShop.framework */ = {isa = PBXFileReference; explicitFileType = wrapper.framework; includeInIndex = 0; path = Pods_GoodsShop.framework; sourceTree = BUILT_PRODUCTS_DIR; };
/* End PBXFileReference section */

/* Begin PBXFrameworksBuildPhase section */
		AEDF8E2A2734009000F5D977 /* Frameworks */ = {
			isa = PBXFrameworksBuildPhase;
			buildActionMask = 2147483647;
			files = (
				54F3E657FAB587B9DB09074B /* Pods_GoodsShop.framework in Frameworks */,
			);
			runOnlyForDeploymentPostprocessing = 0;
		};
/* End PBXFrameworksBuildPhase section */

/* Begin PBXGroup section */
		08134ED6FC6CB201C9CC3D54 /* Frameworks */ = {
			isa = PBXGroup;
			children = (
				C6946818D540BC5FEA5E785F /* Pods_GoodsShop.framework */,
			);
			name = Frameworks;
			sourceTree = "<group>";
		};
		AC4D0F42B2372B25BCD49F84 /* Pods */ = {
			isa = PBXGroup;
			children = (
				7FED41CD0FA29255EE0C7874 /* Pods-GoodsShop.debug.xcconfig */,
				05C2669D033EB86002227149 /* Pods-GoodsShop.release.xcconfig */,
			);
			path = Pods;
			sourceTree = "<group>";
		};
		AE05E053273AC708007F9E35 /* JSON */ = {
			isa = PBXGroup;
			children = (
				AE82A8E4273885E500734F3F /* GoodsService.swift */,
				AE82A8E62738891300734F3F /* Test Backend.postman_collection.json */,
			);
			path = JSON;
			sourceTree = "<group>";
		};
		AE05E054273AE67C007F9E35 /* XcodeFiles */ = {
			isa = PBXGroup;
			children = (
				AEDF8E322734009000F5D977 /* SceneDelegate.swift */,
				AEDF8E302734009000F5D977 /* AppDelegate.swift */,
			);
			path = XcodeFiles;
			sourceTree = "<group>";
		};
		AE5C5AA2274014BA000C319D /* Extension */ = {
			isa = PBXGroup;
			children = (
				AE5C5AA3274014E7000C319D /* ImageView+Ext..swift */,
			);
			path = Extension;
			sourceTree = "<group>";
		};
		AEDF8E242734009000F5D977 = {
			isa = PBXGroup;
			children = (
				AEDF8E2F2734009000F5D977 /* GoodsShop */,
				AEDF8E2E2734009000F5D977 /* Products */,
				AC4D0F42B2372B25BCD49F84 /* Pods */,
				08134ED6FC6CB201C9CC3D54 /* Frameworks */,
			);
			sourceTree = "<group>";
		};
		AEDF8E2E2734009000F5D977 /* Products */ = {
			isa = PBXGroup;
			children = (
				AEDF8E2D2734009000F5D977 /* GoodsShop.app */,
			);
			name = Products;
			sourceTree = "<group>";
		};
		AEDF8E2F2734009000F5D977 /* GoodsShop */ = {
			isa = PBXGroup;
			children = (
				AE05E054273AE67C007F9E35 /* XcodeFiles */,
				AE05E053273AC708007F9E35 /* JSON */,
				AEDF8E5127340E4E00F5D977 /* Components */,
				AEDF8E47273409DB00F5D977 /* View */,
				AEDF8E46273409D300F5D977 /* Model */,
				AEDF8E4927340CEE00F5D977 /* Resources */,
				AEDF8E3B2734009200F5D977 /* LaunchScreen.storyboard */,
				AEDF8E392734009200F5D977 /* Assets.xcassets */,
				AEDF8E3E2734009200F5D977 /* Info.plist */,
			);
			path = GoodsShop;
			sourceTree = "<group>";
		};
		AEDF8E46273409D300F5D977 /* Model */ = {
			isa = PBXGroup;
			children = (
				AEDF8E44273409CC00F5D977 /* Model.swift */,
				AE82A8EB27393B3E00734F3F /* GetGoodsModel.swift */,
			);
			path = Model;
			sourceTree = "<group>";
		};
		AEDF8E47273409DB00F5D977 /* View */ = {
			isa = PBXGroup;
			children = (
				AEDF8E342734009000F5D977 /* MainViewController.swift */,
			);
			path = View;
			sourceTree = "<group>";
		};
		AEDF8E4927340CEE00F5D977 /* Resources */ = {
			isa = PBXGroup;
			children = (
				AE5C5AA2274014BA000C319D /* Extension */,
				AEDF8E4A27340CFE00F5D977 /* Font */,
			);
			path = Resources;
			sourceTree = "<group>";
		};
		AEDF8E4A27340CFE00F5D977 /* Font */ = {
			isa = PBXGroup;
			children = (
				AEDF8E4D27340D2300F5D977 /* SFUIDisplay-Bold.ttf */,
				AEDF8E4C27340D2300F5D977 /* SFUIDisplay-Light.ttf */,
				AEDF8E4B27340D2300F5D977 /* SFUIDisplay-Regular.ttf */,
			);
			path = Font;
			sourceTree = "<group>";
		};
		AEDF8E5127340E4E00F5D977 /* Components */ = {
			isa = PBXGroup;
			children = (
				AEDF8E562734203D00F5D977 /* DefaultButton.swift */,
				AEDF8E54273411AF00F5D977 /* LineUnderBrandLabel.swift */,
				AECDEA6527354D6F00643AAB /* GoodsCollectionViewCell.swift */,
			);
			path = Components;
			sourceTree = "<group>";
		};
/* End PBXGroup section */

/* Begin PBXNativeTarget section */
		AEDF8E2C2734009000F5D977 /* GoodsShop */ = {
			isa = PBXNativeTarget;
			buildConfigurationList = AEDF8E412734009200F5D977 /* Build configuration list for PBXNativeTarget "GoodsShop" */;
			buildPhases = (
				592A8B49F3D07EEC3E8E176C /* [CP] Check Pods Manifest.lock */,
				AEDF8E292734009000F5D977 /* Sources */,
				AEDF8E2A2734009000F5D977 /* Frameworks */,
				AEDF8E2B2734009000F5D977 /* Resources */,
				94C67CBB5005BBE66EF00F71 /* [CP] Embed Pods Frameworks */,
			);
			buildRules = (
			);
			dependencies = (
			);
			name = GoodsShop;
			productName = GoodsShop;
			productReference = AEDF8E2D2734009000F5D977 /* GoodsShop.app */;
			productType = "com.apple.product-type.application";
		};
/* End PBXNativeTarget section */

/* Begin PBXProject section */
		AEDF8E252734009000F5D977 /* Project object */ = {
			isa = PBXProject;
			attributes = {
				BuildIndependentTargetsInParallel = 1;
				LastSwiftUpdateCheck = 1310;
				LastUpgradeCheck = 1310;
				TargetAttributes = {
					AEDF8E2C2734009000F5D977 = {
						CreatedOnToolsVersion = 13.1;
					};
				};
			};
			buildConfigurationList = AEDF8E282734009000F5D977 /* Build configuration list for PBXProject "GoodsShop" */;
			compatibilityVersion = "Xcode 13.0";
			developmentRegion = en;
			hasScannedForEncodings = 0;
			knownRegions = (
				en,
				Base,
			);
			mainGroup = AEDF8E242734009000F5D977;
			productRefGroup = AEDF8E2E2734009000F5D977 /* Products */;
			projectDirPath = "";
			projectRoot = "";
			targets = (
				AEDF8E2C2734009000F5D977 /* GoodsShop */,
			);
		};
/* End PBXProject section */

/* Begin PBXResourcesBuildPhase section */
		AEDF8E2B2734009000F5D977 /* Resources */ = {
			isa = PBXResourcesBuildPhase;
			buildActionMask = 2147483647;
			files = (
				AEDF8E5027340D2300F5D977 /* SFUIDisplay-Bold.ttf in Resources */,
				AEDF8E3D2734009200F5D977 /* LaunchScreen.storyboard in Resources */,
				AEDF8E4E27340D2300F5D977 /* SFUIDisplay-Regular.ttf in Resources */,
				AEDF8E3A2734009200F5D977 /* Assets.xcassets in Resources */,
				AEDF8E4F27340D2300F5D977 /* SFUIDisplay-Light.ttf in Resources */,
				AE82A8E72738891300734F3F /* Test Backend.postman_collection.json in Resources */,
			);
			runOnlyForDeploymentPostprocessing = 0;
		};
/* End PBXResourcesBuildPhase section */

/* Begin PBXShellScriptBuildPhase section */
		592A8B49F3D07EEC3E8E176C /* [CP] Check Pods Manifest.lock */ = {
			isa = PBXShellScriptBuildPhase;
			buildActionMask = 2147483647;
			files = (
			);
			inputFileListPaths = (
			);
			inputPaths = (
				"${PODS_PODFILE_DIR_PATH}/Podfile.lock",
				"${PODS_ROOT}/Manifest.lock",
			);
			name = "[CP] Check Pods Manifest.lock";
			outputFileListPaths = (
			);
			outputPaths = (
				"$(DERIVED_FILE_DIR)/Pods-GoodsShop-checkManifestLockResult.txt",
			);
			runOnlyForDeploymentPostprocessing = 0;
			shellPath = /bin/sh;
			shellScript = "diff \"${PODS_PODFILE_DIR_PATH}/Podfile.lock\" \"${PODS_ROOT}/Manifest.lock\" > /dev/null\nif [ $? != 0 ] ; then\n    # print error to STDERR\n    echo \"error: The sandbox is not in sync with the Podfile.lock. Run 'pod install' or update your CocoaPods installation.\" >&2\n    exit 1\nfi\n# This output is used by Xcode 'outputs' to avoid re-running this script phase.\necho \"SUCCESS\" > \"${SCRIPT_OUTPUT_FILE_0}\"\n";
			showEnvVarsInLog = 0;
		};
		94C67CBB5005BBE66EF00F71 /* [CP] Embed Pods Frameworks */ = {
			isa = PBXShellScriptBuildPhase;
			buildActionMask = 2147483647;
			files = (
			);
			inputFileListPaths = (
				"${PODS_ROOT}/Target Support Files/Pods-GoodsShop/Pods-GoodsShop-frameworks-${CONFIGURATION}-input-files.xcfilelist",
			);
			name = "[CP] Embed Pods Frameworks";
			outputFileListPaths = (
				"${PODS_ROOT}/Target Support Files/Pods-GoodsShop/Pods-GoodsShop-frameworks-${CONFIGURATION}-output-files.xcfilelist",
			);
			runOnlyForDeploymentPostprocessing = 0;
			shellPath = /bin/sh;
			shellScript = "\"${PODS_ROOT}/Target Support Files/Pods-GoodsShop/Pods-GoodsShop-frameworks.sh\"\n";
			showEnvVarsInLog = 0;
		};
/* End PBXShellScriptBuildPhase section */

/* Begin PBXSourcesBuildPhase section */
		AEDF8E292734009000F5D977 /* Sources */ = {
			isa = PBXSourcesBuildPhase;
			buildActionMask = 2147483647;
			files = (
				AEDF8E55273411AF00F5D977 /* LineUnderBrandLabel.swift in Sources */,
				AEDF8E572734203D00F5D977 /* DefaultButton.swift in Sources */,
				AEDF8E352734009000F5D977 /* MainViewController.swift in Sources */,
				AE5C5AA4274014E7000C319D /* ImageView+Ext..swift in Sources */,
				AE82A8EC27393B3E00734F3F /* GetGoodsModel.swift in Sources */,
				AEDF8E312734009000F5D977 /* AppDelegate.swift in Sources */,
				AECDEA6627354D6F00643AAB /* GoodsCollectionViewCell.swift in Sources */,
				AEDF8E332734009000F5D977 /* SceneDelegate.swift in Sources */,
				AEDF8E45273409CC00F5D977 /* Model.swift in Sources */,
				AE82A8E5273885E500734F3F /* GoodsService.swift in Sources */,
			);
			runOnlyForDeploymentPostprocessing = 0;
		};
/* End PBXSourcesBuildPhase section */

/* Begin PBXVariantGroup section */
		AEDF8E3B2734009200F5D977 /* LaunchScreen.storyboard */ = {
			isa = PBXVariantGroup;
			children = (
				AEDF8E3C2734009200F5D977 /* Base */,
			);
			name = LaunchScreen.storyboard;
			sourceTree = "<group>";
		};
/* End PBXVariantGroup section */

/* Begin XCBuildConfiguration section */
		AEDF8E3F2734009200F5D977 /* Debug */ = {
			isa = XCBuildConfiguration;
			buildSettings = {
				ALWAYS_SEARCH_USER_PATHS = NO;
				CLANG_ANALYZER_NONNULL = YES;
				CLANG_ANALYZER_NUMBER_OBJECT_CONVERSION = YES_AGGRESSIVE;
				CLANG_CXX_LANGUAGE_STANDARD = "gnu++17";
				CLANG_CXX_LIBRARY = "libc++";
				CLANG_ENABLE_MODULES = YES;
				CLANG_ENABLE_OBJC_ARC = YES;
				CLANG_ENABLE_OBJC_WEAK = YES;
				CLANG_WARN_BLOCK_CAPTURE_AUTORELEASING = YES;
				CLANG_WARN_BOOL_CONVERSION = YES;
				CLANG_WARN_COMMA = YES;
				CLANG_WARN_CONSTANT_CONVERSION = YES;
				CLANG_WARN_DEPRECATED_OBJC_IMPLEMENTATIONS = YES;
				CLANG_WARN_DIRECT_OBJC_ISA_USAGE = YES_ERROR;
				CLANG_WARN_DOCUMENTATION_COMMENTS = YES;
				CLANG_WARN_EMPTY_BODY = YES;
				CLANG_WARN_ENUM_CONVERSION = YES;
				CLANG_WARN_INFINITE_RECURSION = YES;
				CLANG_WARN_INT_CONVERSION = YES;
				CLANG_WARN_NON_LITERAL_NULL_CONVERSION = YES;
				CLANG_WARN_OBJC_IMPLICIT_RETAIN_SELF = YES;
				CLANG_WARN_OBJC_LITERAL_CONVERSION = YES;
				CLANG_WARN_OBJC_ROOT_CLASS = YES_ERROR;
				CLANG_WARN_QUOTED_INCLUDE_IN_FRAMEWORK_HEADER = YES;
				CLANG_WARN_RANGE_LOOP_ANALYSIS = YES;
				CLANG_WARN_STRICT_PROTOTYPES = YES;
				CLANG_WARN_SUSPICIOUS_MOVE = YES;
				CLANG_WARN_UNGUARDED_AVAILABILITY = YES_AGGRESSIVE;
				CLANG_WARN_UNREACHABLE_CODE = YES;
				CLANG_WARN__DUPLICATE_METHOD_MATCH = YES;
				COPY_PHASE_STRIP = NO;
				DEBUG_INFORMATION_FORMAT = dwarf;
				ENABLE_STRICT_OBJC_MSGSEND = YES;
				ENABLE_TESTABILITY = YES;
				GCC_C_LANGUAGE_STANDARD = gnu11;
				GCC_DYNAMIC_NO_PIC = NO;
				GCC_NO_COMMON_BLOCKS = YES;
				GCC_OPTIMIZATION_LEVEL = 0;
				GCC_PREPROCESSOR_DEFINITIONS = (
					"DEBUG=1",
					"$(inherited)",
				);
				GCC_WARN_64_TO_32_BIT_CONVERSION = YES;
				GCC_WARN_ABOUT_RETURN_TYPE = YES_ERROR;
				GCC_WARN_UNDECLARED_SELECTOR = YES;
				GCC_WARN_UNINITIALIZED_AUTOS = YES_AGGRESSIVE;
				GCC_WARN_UNUSED_FUNCTION = YES;
				GCC_WARN_UNUSED_VARIABLE = YES;
				IPHONEOS_DEPLOYMENT_TARGET = 15.0;
				MTL_ENABLE_DEBUG_INFO = INCLUDE_SOURCE;
				MTL_FAST_MATH = YES;
				ONLY_ACTIVE_ARCH = YES;
				SDKROOT = iphoneos;
				SWIFT_ACTIVE_COMPILATION_CONDITIONS = DEBUG;
				SWIFT_OPTIMIZATION_LEVEL = "-Onone";
			};
			name = Debug;
		};
		AEDF8E402734009200F5D977 /* Release */ = {
			isa = XCBuildConfiguration;
			buildSettings = {
				ALWAYS_SEARCH_USER_PATHS = NO;
				CLANG_ANALYZER_NONNULL = YES;
				CLANG_ANALYZER_NUMBER_OBJECT_CONVERSION = YES_AGGRESSIVE;
				CLANG_CXX_LANGUAGE_STANDARD = "gnu++17";
				CLANG_CXX_LIBRARY = "libc++";
				CLANG_ENABLE_MODULES = YES;
				CLANG_ENABLE_OBJC_ARC = YES;
				CLANG_ENABLE_OBJC_WEAK = YES;
				CLANG_WARN_BLOCK_CAPTURE_AUTORELEASING = YES;
				CLANG_WARN_BOOL_CONVERSION = YES;
				CLANG_WARN_COMMA = YES;
				CLANG_WARN_CONSTANT_CONVERSION = YES;
				CLANG_WARN_DEPRECATED_OBJC_IMPLEMENTATIONS = YES;
				CLANG_WARN_DIRECT_OBJC_ISA_USAGE = YES_ERROR;
				CLANG_WARN_DOCUMENTATION_COMMENTS = YES;
				CLANG_WARN_EMPTY_BODY = YES;
				CLANG_WARN_ENUM_CONVERSION = YES;
				CLANG_WARN_INFINITE_RECURSION = YES;
				CLANG_WARN_INT_CONVERSION = YES;
				CLANG_WARN_NON_LITERAL_NULL_CONVERSION = YES;
				CLANG_WARN_OBJC_IMPLICIT_RETAIN_SELF = YES;
				CLANG_WARN_OBJC_LITERAL_CONVERSION = YES;
				CLANG_WARN_OBJC_ROOT_CLASS = YES_ERROR;
				CLANG_WARN_QUOTED_INCLUDE_IN_FRAMEWORK_HEADER = YES;
				CLANG_WARN_RANGE_LOOP_ANALYSIS = YES;
				CLANG_WARN_STRICT_PROTOTYPES = YES;
				CLANG_WARN_SUSPICIOUS_MOVE = YES;
				CLANG_WARN_UNGUARDED_AVAILABILITY = YES_AGGRESSIVE;
				CLANG_WARN_UNREACHABLE_CODE = YES;
				CLANG_WARN__DUPLICATE_METHOD_MATCH = YES;
				COPY_PHASE_STRIP = NO;
				DEBUG_INFORMATION_FORMAT = "dwarf-with-dsym";
				ENABLE_NS_ASSERTIONS = NO;
				ENABLE_STRICT_OBJC_MSGSEND = YES;
				GCC_C_LANGUAGE_STANDARD = gnu11;
				GCC_NO_COMMON_BLOCKS = YES;
				GCC_WARN_64_TO_32_BIT_CONVERSION = YES;
				GCC_WARN_ABOUT_RETURN_TYPE = YES_ERROR;
				GCC_WARN_UNDECLARED_SELECTOR = YES;
				GCC_WARN_UNINITIALIZED_AUTOS = YES_AGGRESSIVE;
				GCC_WARN_UNUSED_FUNCTION = YES;
				GCC_WARN_UNUSED_VARIABLE = YES;
				IPHONEOS_DEPLOYMENT_TARGET = 15.0;
				MTL_ENABLE_DEBUG_INFO = NO;
				MTL_FAST_MATH = YES;
				SDKROOT = iphoneos;
				SWIFT_COMPILATION_MODE = wholemodule;
				SWIFT_OPTIMIZATION_LEVEL = "-O";
				VALIDATE_PRODUCT = YES;
			};
			name = Release;
		};
		AEDF8E422734009200F5D977 /* Debug */ = {
			isa = XCBuildConfiguration;
			baseConfigurationReference = 7FED41CD0FA29255EE0C7874 /* Pods-GoodsShop.debug.xcconfig */;
			buildSettings = {
				ASSETCATALOG_COMPILER_APPICON_NAME = AppIcon;
				ASSETCATALOG_COMPILER_GLOBAL_ACCENT_COLOR_NAME = AccentColor;
				CODE_SIGN_STYLE = Automatic;
				CURRENT_PROJECT_VERSION = 1;
				DEVELOPMENT_TEAM = C9QBDKULF9;
				GENERATE_INFOPLIST_FILE = YES;
				INFOPLIST_FILE = GoodsShop/Info.plist;
				INFOPLIST_KEY_UIApplicationSupportsIndirectInputEvents = YES;
				INFOPLIST_KEY_UILaunchStoryboardName = LaunchScreen;
				INFOPLIST_KEY_UISupportedInterfaceOrientations_iPad = "UIInterfaceOrientationPortrait UIInterfaceOrientationPortraitUpsideDown UIInterfaceOrientationLandscapeLeft UIInterfaceOrientationLandscapeRight";
				INFOPLIST_KEY_UISupportedInterfaceOrientations_iPhone = "UIInterfaceOrientationPortrait UIInterfaceOrientationLandscapeLeft UIInterfaceOrientationLandscapeRight";
				INFOPLIST_KEY_UIUserInterfaceStyle = Light;
				LD_RUNPATH_SEARCH_PATHS = (
					"$(inherited)",
					"@executable_path/Frameworks",
				);
				MARKETING_VERSION = 1.0;
				PRODUCT_BUNDLE_IDENTIFIER = fi.GoodsShop;
				PRODUCT_NAME = "$(TARGET_NAME)";
				SWIFT_EMIT_LOC_STRINGS = YES;
				SWIFT_VERSION = 5.0;
				TARGETED_DEVICE_FAMILY = "1,2";
			};
			name = Debug;
		};
		AEDF8E432734009200F5D977 /* Release */ = {
			isa = XCBuildConfiguration;
			baseConfigurationReference = 05C2669D033EB86002227149 /* Pods-GoodsShop.release.xcconfig */;
			buildSettings = {
				ASSETCATALOG_COMPILER_APPICON_NAME = AppIcon;
				ASSETCATALOG_COMPILER_GLOBAL_ACCENT_COLOR_NAME = AccentColor;
				CODE_SIGN_STYLE = Automatic;
				CURRENT_PROJECT_VERSION = 1;
				DEVELOPMENT_TEAM = C9QBDKULF9;
				GENERATE_INFOPLIST_FILE = YES;
				INFOPLIST_FILE = GoodsShop/Info.plist;
				INFOPLIST_KEY_UIApplicationSupportsIndirectInputEvents = YES;
				INFOPLIST_KEY_UILaunchStoryboardName = LaunchScreen;
				INFOPLIST_KEY_UISupportedInterfaceOrientations_iPad = "UIInterfaceOrientationPortrait UIInterfaceOrientationPortraitUpsideDown UIInterfaceOrientationLandscapeLeft UIInterfaceOrientationLandscapeRight";
				INFOPLIST_KEY_UISupportedInterfaceOrientations_iPhone = "UIInterfaceOrientationPortrait UIInterfaceOrientationLandscapeLeft UIInterfaceOrientationLandscapeRight";
				INFOPLIST_KEY_UIUserInterfaceStyle = Light;
				LD_RUNPATH_SEARCH_PATHS = (
					"$(inherited)",
					"@executable_path/Frameworks",
				);
				MARKETING_VERSION = 1.0;
				PRODUCT_BUNDLE_IDENTIFIER = fi.GoodsShop;
				PRODUCT_NAME = "$(TARGET_NAME)";
				SWIFT_EMIT_LOC_STRINGS = YES;
				SWIFT_VERSION = 5.0;
				TARGETED_DEVICE_FAMILY = "1,2";
			};
			name = Release;
		};
/* End XCBuildConfiguration section */

/* Begin XCConfigurationList section */
		AEDF8E282734009000F5D977 /* Build configuration list for PBXProject "GoodsShop" */ = {
			isa = XCConfigurationList;
			buildConfigurations = (
				AEDF8E3F2734009200F5D977 /* Debug */,
				AEDF8E402734009200F5D977 /* Release */,
			);
			defaultConfigurationIsVisible = 0;
			defaultConfigurationName = Release;
		};
		AEDF8E412734009200F5D977 /* Build configuration list for PBXNativeTarget "GoodsShop" */ = {
			isa = XCConfigurationList;
			buildConfigurations = (
				AEDF8E422734009200F5D977 /* Debug */,
				AEDF8E432734009200F5D977 /* Release */,
			);
			defaultConfigurationIsVisible = 0;
			defaultConfigurationName = Release;
		};
/* End XCConfigurationList section */
	};
	rootObject = AEDF8E252734009000F5D977 /* Project object */;
}
